
Microsoft Visual Studio Solution File, Format Version 12.00
# Visual Studio 14
VisualStudioVersion = 14.0.25420.1
MinimumVisualStudioVersion = 10.0.40219.1
Project("{8BC9CEB8-8B4A-11D0-8D11-00A0C91BC942}") = "ConsoleBlocks", "ConsoleBlocks\ConsoleBlocks.vcxproj", "{386949F8-44AD-4A3B-9BEE-0E77D6F8B4F6}"
EndProject
Project("{8BC9CEB8-8B4A-11D0-8D11-00A0C91BC942}") = "ContinentalTerrain", "ContinentalTerrain\ContinentalTerrain.vcxproj", "{0A85FA46-15ED-4BCE-BBEB-D44295691A99}"
EndProject
Global
	GlobalSection(SolutionConfigurationPlatforms) = preSolution
		Debug|x64 = Debug|x64
		Debug|x86 = Debug|x86
		Release|x64 = Release|x64
		Release|x86 = Release|x86
	EndGlobalSection
	GlobalSection(ProjectConfigurationPlatforms) = postSolution
		{386949F8-44AD-4A3B-9BEE-0E77D6F8B4F6}.Debug|x64.ActiveCfg = Debug|x64
		{386949F8-44AD-4A3B-9BEE-0E77D6F8B4F6}.Debug|x64.Build.0 = Debug|x64
		{386949F8-44AD-4A3B-9BEE-0E77D6F8B4F6}.Debug|x86.ActiveCfg = Debug|Win32
		{386949F8-44AD-4A3B-9BEE-0E77D6F8B4F6}.Debug|x86.Build.0 = Debug|Win32
		{386949F8-44AD-4A3B-9BEE-0E77D6F8B4F6}.Release|x64.ActiveCfg = Release|x64
		{386949F8-44AD-4A3B-9BEE-0E77D6F8B4F6}.Release|x64.Build.0 = Release|x64
		{386949F8-44AD-4A3B-9BEE-0E77D6F8B4F6}.Release|x86.ActiveCfg = Release|Win32
		{386949F8-44AD-4A3B-9BEE-0E77D6F8B4F6}.Release|x86.Build.0 = Release|Win32
		{0A85FA46-15ED-4BCE-BBEB-D44295691A99}.Debug|x64.ActiveCfg = Debug|x64
		{0A85FA46-15ED-4BCE-BBEB-D44295691A99}.Debug|x64.Build.0 = Debug|x64
		{0A85FA46-15ED-4BCE-BBEB-D44295691A99}.Debug|x86.ActiveCfg = Debug|Win32
		{0A85FA46-15ED-4BCE-BBEB-D44295691A99}.Debug|x86.Build.0 = Debug|Win32
		{0A85FA46-15ED-4BCE-BBEB-D44295691A99}.Release|x64.ActiveCfg = Release|x64
		{0A85FA46-15ED-4BCE-BBEB-D44295691A99}.Release|x64.Build.0 = Release|x64
		{0A85FA46-15ED-4BCE-BBEB-D44295691A99}.Release|x86.ActiveCfg = Release|Win32
		{0A85FA46-15ED-4BCE-BBEB-D44295691A99}.Release|x86.Build.0 = Release|Win32
	EndGlobalSection
	GlobalSection(SolutionProperties) = preSolution
		HideSolutionNode = FALSE
	EndGlobalSection
EndGlobal
