
Microsoft Visual Studio Solution File, Format Version 12.00
# Visual Studio 14
VisualStudioVersion = 14.0.25420.1
MinimumVisualStudioVersion = 10.0.40219.1
Project("{8BC9CEB8-8B4A-11D0-8D11-00A0C91BC942}") = "ConsoleBlocks", "ConsoleBlocks\ConsoleBlocks.vcxproj", "{386949F8-44AD-4A3B-9BEE-0E77D6F8B4F6}"
EndProject
Project("{8BC9CEB8-8B4A-11D0-8D11-00A0C91BC942}") = "ContinentalTerrain", "ContinentalTerrain\ContinentalTerrain.vcxproj", "{0A85FA46-15ED-4BCE-BBEB-D44295691A99}"
EndProject
Project("{8BC9CEB8-8B4A-11D0-8D11-00A0C91BC942}") = "MousePainter", "MousePainter\MousePainter.vcxproj", "{49F2A7B8-C519-408C-8562-660325E73B78}"
EndProject
Project("{8BC9CEB8-8B4A-11D0-8D11-00A0C91BC942}") = "ConsoleWindows", "ConsoleWindows\ConsoleWindows.vcxproj", "{6E2C3E34-7BB2-4C98-831B-32D17DCF7AD0}"
EndProject
Project("{8BC9CEB8-8B4A-11D0-8D11-00A0C91BC942}") = "DynamicWorld", "DynamicWorld\DynamicWorld.vcxproj", "{EB3D311A-0D79-474E-8B9E-2B657C4962A6}"
EndProject
Project("{8BC9CEB8-8B4A-11D0-8D11-00A0C91BC942}") = "ShootingGame", "ShootingGame\ShootingGame.vcxproj", "{7827B4CF-3135-4004-9FC3-3E37576AB4CD}"
EndProject
Project("{8BC9CEB8-8B4A-11D0-8D11-00A0C91BC942}") = "ServerTest", "ServerTest\ServerTest.vcxproj", "{6307FA90-69A4-418A-B97B-D2192C7FEF8D}"
EndProject
Project("{8BC9CEB8-8B4A-11D0-8D11-00A0C91BC942}") = "ClientTest", "ClientTest\ClientTest.vcxproj", "{7F43F373-10C7-4341-B618-354894035BAD}"
EndProject
Global
	GlobalSection(SolutionConfigurationPlatforms) = preSolution
		Debug|x64 = Debug|x64
		Debug|x86 = Debug|x86
		Release|x64 = Release|x64
		Release|x86 = Release|x86
	EndGlobalSection
	GlobalSection(ProjectConfigurationPlatforms) = postSolution
		{386949F8-44AD-4A3B-9BEE-0E77D6F8B4F6}.Debug|x64.ActiveCfg = Debug|x64
		{386949F8-44AD-4A3B-9BEE-0E77D6F8B4F6}.Debug|x64.Build.0 = Debug|x64
		{386949F8-44AD-4A3B-9BEE-0E77D6F8B4F6}.Debug|x86.ActiveCfg = Debug|Win32
		{386949F8-44AD-4A3B-9BEE-0E77D6F8B4F6}.Debug|x86.Build.0 = Debug|Win32
		{386949F8-44AD-4A3B-9BEE-0E77D6F8B4F6}.Release|x64.ActiveCfg = Release|x64
		{386949F8-44AD-4A3B-9BEE-0E77D6F8B4F6}.Release|x64.Build.0 = Release|x64
		{386949F8-44AD-4A3B-9BEE-0E77D6F8B4F6}.Release|x86.ActiveCfg = Release|Win32
		{386949F8-44AD-4A3B-9BEE-0E77D6F8B4F6}.Release|x86.Build.0 = Release|Win32
		{0A85FA46-15ED-4BCE-BBEB-D44295691A99}.Debug|x64.ActiveCfg = Debug|x64
		{0A85FA46-15ED-4BCE-BBEB-D44295691A99}.Debug|x64.Build.0 = Debug|x64
		{0A85FA46-15ED-4BCE-BBEB-D44295691A99}.Debug|x86.ActiveCfg = Debug|Win32
		{0A85FA46-15ED-4BCE-BBEB-D44295691A99}.Debug|x86.Build.0 = Debug|Win32
		{0A85FA46-15ED-4BCE-BBEB-D44295691A99}.Release|x64.ActiveCfg = Release|x64
		{0A85FA46-15ED-4BCE-BBEB-D44295691A99}.Release|x64.Build.0 = Release|x64
		{0A85FA46-15ED-4BCE-BBEB-D44295691A99}.Release|x86.ActiveCfg = Release|Win32
		{0A85FA46-15ED-4BCE-BBEB-D44295691A99}.Release|x86.Build.0 = Release|Win32
		{49F2A7B8-C519-408C-8562-660325E73B78}.Debug|x64.ActiveCfg = Debug|x64
		{49F2A7B8-C519-408C-8562-660325E73B78}.Debug|x64.Build.0 = Debug|x64
		{49F2A7B8-C519-408C-8562-660325E73B78}.Debug|x86.ActiveCfg = Debug|Win32
		{49F2A7B8-C519-408C-8562-660325E73B78}.Debug|x86.Build.0 = Debug|Win32
		{49F2A7B8-C519-408C-8562-660325E73B78}.Release|x64.ActiveCfg = Release|x64
		{49F2A7B8-C519-408C-8562-660325E73B78}.Release|x64.Build.0 = Release|x64
		{49F2A7B8-C519-408C-8562-660325E73B78}.Release|x86.ActiveCfg = Release|Win32
		{49F2A7B8-C519-408C-8562-660325E73B78}.Release|x86.Build.0 = Release|Win32
		{6E2C3E34-7BB2-4C98-831B-32D17DCF7AD0}.Debug|x64.ActiveCfg = Debug|x64
		{6E2C3E34-7BB2-4C98-831B-32D17DCF7AD0}.Debug|x64.Build.0 = Debug|x64
		{6E2C3E34-7BB2-4C98-831B-32D17DCF7AD0}.Debug|x86.ActiveCfg = Debug|Win32
		{6E2C3E34-7BB2-4C98-831B-32D17DCF7AD0}.Debug|x86.Build.0 = Debug|Win32
		{6E2C3E34-7BB2-4C98-831B-32D17DCF7AD0}.Release|x64.ActiveCfg = Release|x64
		{6E2C3E34-7BB2-4C98-831B-32D17DCF7AD0}.Release|x64.Build.0 = Release|x64
		{6E2C3E34-7BB2-4C98-831B-32D17DCF7AD0}.Release|x86.ActiveCfg = Release|Win32
		{6E2C3E34-7BB2-4C98-831B-32D17DCF7AD0}.Release|x86.Build.0 = Release|Win32
		{EB3D311A-0D79-474E-8B9E-2B657C4962A6}.Debug|x64.ActiveCfg = Debug|x64
		{EB3D311A-0D79-474E-8B9E-2B657C4962A6}.Debug|x64.Build.0 = Debug|x64
		{EB3D311A-0D79-474E-8B9E-2B657C4962A6}.Debug|x86.ActiveCfg = Debug|Win32
		{EB3D311A-0D79-474E-8B9E-2B657C4962A6}.Debug|x86.Build.0 = Debug|Win32
		{EB3D311A-0D79-474E-8B9E-2B657C4962A6}.Release|x64.ActiveCfg = Release|x64
		{EB3D311A-0D79-474E-8B9E-2B657C4962A6}.Release|x64.Build.0 = Release|x64
		{EB3D311A-0D79-474E-8B9E-2B657C4962A6}.Release|x86.ActiveCfg = Release|Win32
		{EB3D311A-0D79-474E-8B9E-2B657C4962A6}.Release|x86.Build.0 = Release|Win32
		{7827B4CF-3135-4004-9FC3-3E37576AB4CD}.Debug|x64.ActiveCfg = Debug|x64
		{7827B4CF-3135-4004-9FC3-3E37576AB4CD}.Debug|x64.Build.0 = Debug|x64
		{7827B4CF-3135-4004-9FC3-3E37576AB4CD}.Debug|x86.ActiveCfg = Debug|Win32
		{7827B4CF-3135-4004-9FC3-3E37576AB4CD}.Debug|x86.Build.0 = Debug|Win32
		{7827B4CF-3135-4004-9FC3-3E37576AB4CD}.Release|x64.ActiveCfg = Release|x64
		{7827B4CF-3135-4004-9FC3-3E37576AB4CD}.Release|x64.Build.0 = Release|x64
		{7827B4CF-3135-4004-9FC3-3E37576AB4CD}.Release|x86.ActiveCfg = Release|Win32
		{7827B4CF-3135-4004-9FC3-3E37576AB4CD}.Release|x86.Build.0 = Release|Win32
		{6307FA90-69A4-418A-B97B-D2192C7FEF8D}.Debug|x64.ActiveCfg = Debug|x64
		{6307FA90-69A4-418A-B97B-D2192C7FEF8D}.Debug|x64.Build.0 = Debug|x64
		{6307FA90-69A4-418A-B97B-D2192C7FEF8D}.Debug|x86.ActiveCfg = Debug|Win32
		{6307FA90-69A4-418A-B97B-D2192C7FEF8D}.Debug|x86.Build.0 = Debug|Win32
		{6307FA90-69A4-418A-B97B-D2192C7FEF8D}.Release|x64.ActiveCfg = Release|x64
		{6307FA90-69A4-418A-B97B-D2192C7FEF8D}.Release|x64.Build.0 = Release|x64
		{6307FA90-69A4-418A-B97B-D2192C7FEF8D}.Release|x86.ActiveCfg = Release|Win32
		{6307FA90-69A4-418A-B97B-D2192C7FEF8D}.Release|x86.Build.0 = Release|Win32
		{7F43F373-10C7-4341-B618-354894035BAD}.Debug|x64.ActiveCfg = Debug|x64
		{7F43F373-10C7-4341-B618-354894035BAD}.Debug|x64.Build.0 = Debug|x64
		{7F43F373-10C7-4341-B618-354894035BAD}.Debug|x86.ActiveCfg = Debug|Win32
		{7F43F373-10C7-4341-B618-354894035BAD}.Debug|x86.Build.0 = Debug|Win32
		{7F43F373-10C7-4341-B618-354894035BAD}.Release|x64.ActiveCfg = Release|x64
		{7F43F373-10C7-4341-B618-354894035BAD}.Release|x64.Build.0 = Release|x64
		{7F43F373-10C7-4341-B618-354894035BAD}.Release|x86.ActiveCfg = Release|Win32
		{7F43F373-10C7-4341-B618-354894035BAD}.Release|x86.Build.0 = Release|Win32
	EndGlobalSection
	GlobalSection(SolutionProperties) = preSolution
		HideSolutionNode = FALSE
	EndGlobalSection
EndGlobal
